// !$*UTF8*$!
{
	archiveVersion = 1;
	classes = {
	};
	objectVersion = 46;
	objects = {

/* Begin PBXBuildFile section */
		3A73364E1EABB9580008D591 /* FetchKit.h in Headers */ = {isa = PBXBuildFile; fileRef = 3A73364B1EABB9580008D591 /* FetchKit.h */; settings = {ATTRIBUTES = (Public, ); }; };
		3A7336501EABB9CC0008D591 /* FetchKit.h in Headers */ = {isa = PBXBuildFile; fileRef = 3A73364B1EABB9580008D591 /* FetchKit.h */; settings = {ATTRIBUTES = (Public, ); }; };
		3A7336511EABB9CD0008D591 /* FetchKit.h in Headers */ = {isa = PBXBuildFile; fileRef = 3A73364B1EABB9580008D591 /* FetchKit.h */; settings = {ATTRIBUTES = (Public, ); }; };
		3A7336621EABBD6E0008D591 /* FetchKit.framework in Frameworks */ = {isa = PBXBuildFile; fileRef = 3A7336191EABB70B0008D591 /* FetchKit.framework */; };
		3A7336711EABBD8F0008D591 /* FetchKit.framework in Frameworks */ = {isa = PBXBuildFile; fileRef = 3A7336341EABB7350008D591 /* FetchKit.framework */; };
		3A7336A91EABC4BC0008D591 /* FetchKit.framework in Frameworks */ = {isa = PBXBuildFile; fileRef = 3A7336971EABC4790008D591 /* FetchKit.framework */; };
		3A7336BB1EABCB250008D591 /* FetchRequest.swift in Sources */ = {isa = PBXBuildFile; fileRef = 3A7336BA1EABCB250008D591 /* FetchRequest.swift */; };
		3A7336BC1EABCB250008D591 /* FetchRequest.swift in Sources */ = {isa = PBXBuildFile; fileRef = 3A7336BA1EABCB250008D591 /* FetchRequest.swift */; };
		3A7336BD1EABCB250008D591 /* FetchRequest.swift in Sources */ = {isa = PBXBuildFile; fileRef = 3A7336BA1EABCB250008D591 /* FetchRequest.swift */; };
		3A7336BE1EABCB250008D591 /* FetchRequest.swift in Sources */ = {isa = PBXBuildFile; fileRef = 3A7336BA1EABCB250008D591 /* FetchRequest.swift */; };
		3A7336C01EABD7F90008D591 /* NSEntityDescription+Extension.swift in Sources */ = {isa = PBXBuildFile; fileRef = 3A7336BF1EABD7F90008D591 /* NSEntityDescription+Extension.swift */; };
		3A7336C11EABD7F90008D591 /* NSEntityDescription+Extension.swift in Sources */ = {isa = PBXBuildFile; fileRef = 3A7336BF1EABD7F90008D591 /* NSEntityDescription+Extension.swift */; };
		3A7336C21EABD7F90008D591 /* NSEntityDescription+Extension.swift in Sources */ = {isa = PBXBuildFile; fileRef = 3A7336BF1EABD7F90008D591 /* NSEntityDescription+Extension.swift */; };
		3A7336C31EABD7F90008D591 /* NSEntityDescription+Extension.swift in Sources */ = {isa = PBXBuildFile; fileRef = 3A7336BF1EABD7F90008D591 /* NSEntityDescription+Extension.swift */; };
		3A7336C51EABD8E90008D591 /* NSManagedObject+Extension.swift in Sources */ = {isa = PBXBuildFile; fileRef = 3A7336C41EABD8E90008D591 /* NSManagedObject+Extension.swift */; };
		3A7336C61EABD8E90008D591 /* NSManagedObject+Extension.swift in Sources */ = {isa = PBXBuildFile; fileRef = 3A7336C41EABD8E90008D591 /* NSManagedObject+Extension.swift */; };
		3A7336C71EABD8E90008D591 /* NSManagedObject+Extension.swift in Sources */ = {isa = PBXBuildFile; fileRef = 3A7336C41EABD8E90008D591 /* NSManagedObject+Extension.swift */; };
		3A7336C81EABD8E90008D591 /* NSManagedObject+Extension.swift in Sources */ = {isa = PBXBuildFile; fileRef = 3A7336C41EABD8E90008D591 /* NSManagedObject+Extension.swift */; };
		3A7336CB1EABF8B80008D591 /* FindFirst.swift in Sources */ = {isa = PBXBuildFile; fileRef = 3A7336CA1EABF8B80008D591 /* FindFirst.swift */; };
		3A7336CC1EABF8B80008D591 /* FindFirst.swift in Sources */ = {isa = PBXBuildFile; fileRef = 3A7336CA1EABF8B80008D591 /* FindFirst.swift */; };
		3A7336CD1EABF8B80008D591 /* FindFirst.swift in Sources */ = {isa = PBXBuildFile; fileRef = 3A7336CA1EABF8B80008D591 /* FindFirst.swift */; };
		3A7336CE1EABF8B80008D591 /* FindFirst.swift in Sources */ = {isa = PBXBuildFile; fileRef = 3A7336CA1EABF8B80008D591 /* FindFirst.swift */; };
		3A7336D01EABF9110008D591 /* FindAll.swift in Sources */ = {isa = PBXBuildFile; fileRef = 3A7336CF1EABF9110008D591 /* FindAll.swift */; };
		3A7336D11EABF9110008D591 /* FindAll.swift in Sources */ = {isa = PBXBuildFile; fileRef = 3A7336CF1EABF9110008D591 /* FindAll.swift */; };
		3A7336D21EABF9110008D591 /* FindAll.swift in Sources */ = {isa = PBXBuildFile; fileRef = 3A7336CF1EABF9110008D591 /* FindAll.swift */; };
		3A7336D31EABF9110008D591 /* FindAll.swift in Sources */ = {isa = PBXBuildFile; fileRef = 3A7336CF1EABF9110008D591 /* FindAll.swift */; };
		3A7336D51EABF9390008D591 /* FindRange.swift in Sources */ = {isa = PBXBuildFile; fileRef = 3A7336D41EABF9390008D591 /* FindRange.swift */; };
		3A7336D61EABF9390008D591 /* FindRange.swift in Sources */ = {isa = PBXBuildFile; fileRef = 3A7336D41EABF9390008D591 /* FindRange.swift */; };
		3A7336D71EABF9390008D591 /* FindRange.swift in Sources */ = {isa = PBXBuildFile; fileRef = 3A7336D41EABF9390008D591 /* FindRange.swift */; };
		3A7336D81EABF9390008D591 /* FindRange.swift in Sources */ = {isa = PBXBuildFile; fileRef = 3A7336D41EABF9390008D591 /* FindRange.swift */; };
		3A7336DA1EABF9AD0008D591 /* Count.swift in Sources */ = {isa = PBXBuildFile; fileRef = 3A7336D91EABF9AD0008D591 /* Count.swift */; };
		3A7336DB1EABF9AD0008D591 /* Count.swift in Sources */ = {isa = PBXBuildFile; fileRef = 3A7336D91EABF9AD0008D591 /* Count.swift */; };
		3A7336DC1EABF9AD0008D591 /* Count.swift in Sources */ = {isa = PBXBuildFile; fileRef = 3A7336D91EABF9AD0008D591 /* Count.swift */; };
		3A7336DD1EABF9AD0008D591 /* Count.swift in Sources */ = {isa = PBXBuildFile; fileRef = 3A7336D91EABF9AD0008D591 /* Count.swift */; };
		3A7336DF1EABFA020008D591 /* Aggregate.swift in Sources */ = {isa = PBXBuildFile; fileRef = 3A7336DE1EABFA020008D591 /* Aggregate.swift */; };
		3A7336E01EABFA020008D591 /* Aggregate.swift in Sources */ = {isa = PBXBuildFile; fileRef = 3A7336DE1EABFA020008D591 /* Aggregate.swift */; };
		3A7336E11EABFA020008D591 /* Aggregate.swift in Sources */ = {isa = PBXBuildFile; fileRef = 3A7336DE1EABFA020008D591 /* Aggregate.swift */; };
		3A7336E21EABFA020008D591 /* Aggregate.swift in Sources */ = {isa = PBXBuildFile; fileRef = 3A7336DE1EABFA020008D591 /* Aggregate.swift */; };
		3A7336E41EACD6730008D591 /* DeleteAll.swift in Sources */ = {isa = PBXBuildFile; fileRef = 3A7336E31EACD6730008D591 /* DeleteAll.swift */; };
		3A7336E51EACD6730008D591 /* DeleteAll.swift in Sources */ = {isa = PBXBuildFile; fileRef = 3A7336E31EACD6730008D591 /* DeleteAll.swift */; };
		3A7336E61EACD6730008D591 /* DeleteAll.swift in Sources */ = {isa = PBXBuildFile; fileRef = 3A7336E31EACD6730008D591 /* DeleteAll.swift */; };
		3A7336E71EACD6730008D591 /* DeleteAll.swift in Sources */ = {isa = PBXBuildFile; fileRef = 3A7336E31EACD6730008D591 /* DeleteAll.swift */; };
		3A7336E91EADEE0E0008D591 /* FetchResults.swift in Sources */ = {isa = PBXBuildFile; fileRef = 3A7336E81EADEE0E0008D591 /* FetchResults.swift */; };
		3A7336EA1EADEE0E0008D591 /* FetchResults.swift in Sources */ = {isa = PBXBuildFile; fileRef = 3A7336E81EADEE0E0008D591 /* FetchResults.swift */; };
		3A7336EB1EADEE0E0008D591 /* FetchResults.swift in Sources */ = {isa = PBXBuildFile; fileRef = 3A7336E81EADEE0E0008D591 /* FetchResults.swift */; };
		3A7336EC1EADEE0E0008D591 /* FetchResults.swift in Sources */ = {isa = PBXBuildFile; fileRef = 3A7336E81EADEE0E0008D591 /* FetchResults.swift */; };
/* End PBXBuildFile section */

/* Begin PBXContainerItemProxy section */
		3A7336631EABBD6E0008D591 /* PBXContainerItemProxy */ = {
			isa = PBXContainerItemProxy;
			containerPortal = 3A73360E1EABB6B60008D591 /* Project object */;
			proxyType = 1;
			remoteGlobalIDString = 3A7336181EABB70B0008D591;
			remoteInfo = "FetchKit iOS";
		};
		3A7336721EABBD8F0008D591 /* PBXContainerItemProxy */ = {
			isa = PBXContainerItemProxy;
			containerPortal = 3A73360E1EABB6B60008D591 /* Project object */;
			proxyType = 1;
			remoteGlobalIDString = 3A7336331EABB7350008D591;
			remoteInfo = "FetchKit tvOS";
		};
		3A7336AA1EABC4BC0008D591 /* PBXContainerItemProxy */ = {
			isa = PBXContainerItemProxy;
			containerPortal = 3A73360E1EABB6B60008D591 /* Project object */;
			proxyType = 1;
			remoteGlobalIDString = 3A7336961EABC4790008D591;
			remoteInfo = "FetchKit macOS";
		};
/* End PBXContainerItemProxy section */

/* Begin PBXFileReference section */
		3A7336191EABB70B0008D591 /* FetchKit.framework */ = {isa = PBXFileReference; explicitFileType = wrapper.framework; includeInIndex = 0; path = FetchKit.framework; sourceTree = BUILT_PRODUCTS_DIR; };
		3A7336271EABB7250008D591 /* FetchKit.framework */ = {isa = PBXFileReference; explicitFileType = wrapper.framework; includeInIndex = 0; path = FetchKit.framework; sourceTree = BUILT_PRODUCTS_DIR; };
		3A7336341EABB7350008D591 /* FetchKit.framework */ = {isa = PBXFileReference; explicitFileType = wrapper.framework; includeInIndex = 0; path = FetchKit.framework; sourceTree = BUILT_PRODUCTS_DIR; };
		3A73364B1EABB9580008D591 /* FetchKit.h */ = {isa = PBXFileReference; fileEncoding = 4; lastKnownFileType = sourcecode.c.h; path = FetchKit.h; sourceTree = "<group>"; };
		3A73364C1EABB9580008D591 /* Info.plist */ = {isa = PBXFileReference; fileEncoding = 4; lastKnownFileType = text.plist.xml; path = Info.plist; sourceTree = "<group>"; };
		3A73365D1EABBD6E0008D591 /* FetchKit iOS Tests.xctest */ = {isa = PBXFileReference; explicitFileType = wrapper.cfbundle; includeInIndex = 0; path = "FetchKit iOS Tests.xctest"; sourceTree = BUILT_PRODUCTS_DIR; };
		3A73366C1EABBD8F0008D591 /* FetchKit tvOS Tests.xctest */ = {isa = PBXFileReference; explicitFileType = wrapper.cfbundle; includeInIndex = 0; path = "FetchKit tvOS Tests.xctest"; sourceTree = BUILT_PRODUCTS_DIR; };
		3A7336861EABBE1E0008D591 /* Info.plist */ = {isa = PBXFileReference; fileEncoding = 4; lastKnownFileType = text.plist.xml; path = Info.plist; sourceTree = "<group>"; };
		3A7336971EABC4790008D591 /* FetchKit.framework */ = {isa = PBXFileReference; explicitFileType = wrapper.framework; includeInIndex = 0; path = FetchKit.framework; sourceTree = BUILT_PRODUCTS_DIR; };
		3A7336A41EABC4BC0008D591 /* FetchKit macOS Tests.xctest */ = {isa = PBXFileReference; explicitFileType = wrapper.cfbundle; includeInIndex = 0; path = "FetchKit macOS Tests.xctest"; sourceTree = BUILT_PRODUCTS_DIR; };
		3A7336BA1EABCB250008D591 /* FetchRequest.swift */ = {isa = PBXFileReference; fileEncoding = 4; lastKnownFileType = sourcecode.swift; path = FetchRequest.swift; sourceTree = "<group>"; };
		3A7336BF1EABD7F90008D591 /* NSEntityDescription+Extension.swift */ = {isa = PBXFileReference; fileEncoding = 4; lastKnownFileType = sourcecode.swift; path = "NSEntityDescription+Extension.swift"; sourceTree = "<group>"; };
		3A7336C41EABD8E90008D591 /* NSManagedObject+Extension.swift */ = {isa = PBXFileReference; fileEncoding = 4; lastKnownFileType = sourcecode.swift; path = "NSManagedObject+Extension.swift"; sourceTree = "<group>"; };
		3A7336CA1EABF8B80008D591 /* FindFirst.swift */ = {isa = PBXFileReference; fileEncoding = 4; lastKnownFileType = sourcecode.swift; path = FindFirst.swift; sourceTree = "<group>"; };
		3A7336CF1EABF9110008D591 /* FindAll.swift */ = {isa = PBXFileReference; fileEncoding = 4; lastKnownFileType = sourcecode.swift; path = FindAll.swift; sourceTree = "<group>"; };
		3A7336D41EABF9390008D591 /* FindRange.swift */ = {isa = PBXFileReference; fileEncoding = 4; lastKnownFileType = sourcecode.swift; path = FindRange.swift; sourceTree = "<group>"; };
		3A7336D91EABF9AD0008D591 /* Count.swift */ = {isa = PBXFileReference; fileEncoding = 4; lastKnownFileType = sourcecode.swift; path = Count.swift; sourceTree = "<group>"; };
		3A7336DE1EABFA020008D591 /* Aggregate.swift */ = {isa = PBXFileReference; fileEncoding = 4; lastKnownFileType = sourcecode.swift; path = Aggregate.swift; sourceTree = "<group>"; };
		3A7336E31EACD6730008D591 /* DeleteAll.swift */ = {isa = PBXFileReference; fileEncoding = 4; lastKnownFileType = sourcecode.swift; path = DeleteAll.swift; sourceTree = "<group>"; };
		3A7336E81EADEE0E0008D591 /* FetchResults.swift */ = {isa = PBXFileReference; fileEncoding = 4; lastKnownFileType = sourcecode.swift; path = FetchResults.swift; sourceTree = "<group>"; };
/* End PBXFileReference section */

/* Begin PBXFrameworksBuildPhase section */
		3A7336151EABB70B0008D591 /* Frameworks */ = {
			isa = PBXFrameworksBuildPhase;
			buildActionMask = 2147483647;
			files = (
			);
			runOnlyForDeploymentPostprocessing = 0;
		};
		3A7336231EABB7250008D591 /* Frameworks */ = {
			isa = PBXFrameworksBuildPhase;
			buildActionMask = 2147483647;
			files = (
			);
			runOnlyForDeploymentPostprocessing = 0;
		};
		3A7336301EABB7350008D591 /* Frameworks */ = {
			isa = PBXFrameworksBuildPhase;
			buildActionMask = 2147483647;
			files = (
			);
			runOnlyForDeploymentPostprocessing = 0;
		};
		3A73365A1EABBD6E0008D591 /* Frameworks */ = {
			isa = PBXFrameworksBuildPhase;
			buildActionMask = 2147483647;
			files = (
				3A7336621EABBD6E0008D591 /* FetchKit.framework in Frameworks */,
			);
			runOnlyForDeploymentPostprocessing = 0;
		};
		3A7336691EABBD8F0008D591 /* Frameworks */ = {
			isa = PBXFrameworksBuildPhase;
			buildActionMask = 2147483647;
			files = (
				3A7336711EABBD8F0008D591 /* FetchKit.framework in Frameworks */,
			);
			runOnlyForDeploymentPostprocessing = 0;
		};
		3A7336931EABC4790008D591 /* Frameworks */ = {
			isa = PBXFrameworksBuildPhase;
			buildActionMask = 2147483647;
			files = (
			);
			runOnlyForDeploymentPostprocessing = 0;
		};
		3A7336A11EABC4BC0008D591 /* Frameworks */ = {
			isa = PBXFrameworksBuildPhase;
			buildActionMask = 2147483647;
			files = (
				3A7336A91EABC4BC0008D591 /* FetchKit.framework in Frameworks */,
			);
			runOnlyForDeploymentPostprocessing = 0;
		};
/* End PBXFrameworksBuildPhase section */

/* Begin PBXGroup section */
		3A73360D1EABB6B60008D591 = {
			isa = PBXGroup;
			children = (
				3A7336491EABB9580008D591 /* Sources */,
				3A73364D1EABB9580008D591 /* Tests */,
				3A73361A1EABB70B0008D591 /* Products */,
			);
			sourceTree = "<group>";
		};
		3A73361A1EABB70B0008D591 /* Products */ = {
			isa = PBXGroup;
			children = (
				3A7336191EABB70B0008D591 /* FetchKit.framework */,
				3A7336271EABB7250008D591 /* FetchKit.framework */,
				3A7336341EABB7350008D591 /* FetchKit.framework */,
				3A73365D1EABBD6E0008D591 /* FetchKit iOS Tests.xctest */,
				3A73366C1EABBD8F0008D591 /* FetchKit tvOS Tests.xctest */,
				3A7336971EABC4790008D591 /* FetchKit.framework */,
				3A7336A41EABC4BC0008D591 /* FetchKit macOS Tests.xctest */,
			);
			name = Products;
			sourceTree = "<group>";
		};
		3A7336491EABB9580008D591 /* Sources */ = {
			isa = PBXGroup;
			children = (
				3A73364A1EABB9580008D591 /* Supporting Files */,
			);
			path = Sources;
			sourceTree = "<group>";
		};
		3A73364A1EABB9580008D591 /* Supporting Files */ = {
			isa = PBXGroup;
			children = (
				3A73364B1EABB9580008D591 /* FetchKit.h */,
				3A73364C1EABB9580008D591 /* Info.plist */,
				3A7336BA1EABCB250008D591 /* FetchRequest.swift */,
				3A7336CA1EABF8B80008D591 /* FindFirst.swift */,
				3A7336CF1EABF9110008D591 /* FindAll.swift */,
				3A7336D41EABF9390008D591 /* FindRange.swift */,
				3A7336E31EACD6730008D591 /* DeleteAll.swift */,
				3A7336D91EABF9AD0008D591 /* Count.swift */,
				3A7336DE1EABFA020008D591 /* Aggregate.swift */,
				3A7336E81EADEE0E0008D591 /* FetchResults.swift */,
				3A7336BF1EABD7F90008D591 /* NSEntityDescription+Extension.swift */,
				3A7336C41EABD8E90008D591 /* NSManagedObject+Extension.swift */,
			);
			path = "Supporting Files";
			sourceTree = "<group>";
		};
		3A73364D1EABB9580008D591 /* Tests */ = {
			isa = PBXGroup;
			children = (
				3A7336861EABBE1E0008D591 /* Info.plist */,
			);
			path = Tests;
			sourceTree = "<group>";
		};
/* End PBXGroup section */

/* Begin PBXHeadersBuildPhase section */
		3A7336161EABB70B0008D591 /* Headers */ = {
			isa = PBXHeadersBuildPhase;
			buildActionMask = 2147483647;
			files = (
				3A73364E1EABB9580008D591 /* FetchKit.h in Headers */,
			);
			runOnlyForDeploymentPostprocessing = 0;
		};
		3A7336241EABB7250008D591 /* Headers */ = {
			isa = PBXHeadersBuildPhase;
			buildActionMask = 2147483647;
			files = (
				3A7336501EABB9CC0008D591 /* FetchKit.h in Headers */,
			);
			runOnlyForDeploymentPostprocessing = 0;
		};
		3A7336311EABB7350008D591 /* Headers */ = {
			isa = PBXHeadersBuildPhase;
			buildActionMask = 2147483647;
			files = (
				3A7336511EABB9CD0008D591 /* FetchKit.h in Headers */,
			);
			runOnlyForDeploymentPostprocessing = 0;
		};
		3A7336941EABC4790008D591 /* Headers */ = {
			isa = PBXHeadersBuildPhase;
			buildActionMask = 2147483647;
			files = (
			);
			runOnlyForDeploymentPostprocessing = 0;
		};
/* End PBXHeadersBuildPhase section */

/* Begin PBXNativeTarget section */
		3A7336181EABB70B0008D591 /* FetchKit iOS */ = {
			isa = PBXNativeTarget;
			buildConfigurationList = 3A73361F1EABB70B0008D591 /* Build configuration list for PBXNativeTarget "FetchKit iOS" */;
			buildPhases = (
				3A7336B21EABC9940008D591 /* SwiftLint */,
				3A7336141EABB70B0008D591 /* Sources */,
				3A7336151EABB70B0008D591 /* Frameworks */,
				3A7336161EABB70B0008D591 /* Headers */,
				3A7336171EABB70B0008D591 /* Resources */,
			);
			buildRules = (
			);
			dependencies = (
			);
			name = "FetchKit iOS";
			productName = "FetchKit iOS";
			productReference = 3A7336191EABB70B0008D591 /* FetchKit.framework */;
			productType = "com.apple.product-type.framework";
		};
		3A7336261EABB7250008D591 /* FetchKit watchOS */ = {
			isa = PBXNativeTarget;
			buildConfigurationList = 3A73362C1EABB7250008D591 /* Build configuration list for PBXNativeTarget "FetchKit watchOS" */;
			buildPhases = (
				3A7336B51EABC9FF0008D591 /* SwiftLint */,
				3A7336221EABB7250008D591 /* Sources */,
				3A7336231EABB7250008D591 /* Frameworks */,
				3A7336241EABB7250008D591 /* Headers */,
				3A7336251EABB7250008D591 /* Resources */,
			);
			buildRules = (
			);
			dependencies = (
			);
			name = "FetchKit watchOS";
			productName = "FetchKit watchOS";
			productReference = 3A7336271EABB7250008D591 /* FetchKit.framework */;
			productType = "com.apple.product-type.framework";
		};
		3A7336331EABB7350008D591 /* FetchKit tvOS */ = {
			isa = PBXNativeTarget;
			buildConfigurationList = 3A7336391EABB7350008D591 /* Build configuration list for PBXNativeTarget "FetchKit tvOS" */;
			buildPhases = (
				3A7336B61EABCA100008D591 /* SwiftLint */,
				3A73362F1EABB7350008D591 /* Sources */,
				3A7336301EABB7350008D591 /* Frameworks */,
				3A7336311EABB7350008D591 /* Headers */,
				3A7336321EABB7350008D591 /* Resources */,
			);
			buildRules = (
			);
			dependencies = (
			);
			name = "FetchKit tvOS";
			productName = "FetchKit tvOS";
			productReference = 3A7336341EABB7350008D591 /* FetchKit.framework */;
			productType = "com.apple.product-type.framework";
		};
		3A73365C1EABBD6E0008D591 /* FetchKit iOS Tests */ = {
			isa = PBXNativeTarget;
			buildConfigurationList = 3A7336651EABBD6E0008D591 /* Build configuration list for PBXNativeTarget "FetchKit iOS Tests" */;
			buildPhases = (
				3A7336B41EABC9C20008D591 /* SwiftLint */,
				3A7336591EABBD6E0008D591 /* Sources */,
				3A73365A1EABBD6E0008D591 /* Frameworks */,
				3A73365B1EABBD6E0008D591 /* Resources */,
			);
			buildRules = (
			);
			dependencies = (
				3A7336641EABBD6E0008D591 /* PBXTargetDependency */,
			);
			name = "FetchKit iOS Tests";
			productName = "FetchKit iOS Tests";
			productReference = 3A73365D1EABBD6E0008D591 /* FetchKit iOS Tests.xctest */;
			productType = "com.apple.product-type.bundle.unit-test";
		};
		3A73366B1EABBD8F0008D591 /* FetchKit tvOS Tests */ = {
			isa = PBXNativeTarget;
			buildConfigurationList = 3A7336741EABBD8F0008D591 /* Build configuration list for PBXNativeTarget "FetchKit tvOS Tests" */;
			buildPhases = (
				3A7336B71EABCA200008D591 /* SwiftLint */,
				3A7336681EABBD8F0008D591 /* Sources */,
				3A7336691EABBD8F0008D591 /* Frameworks */,
				3A73366A1EABBD8F0008D591 /* Resources */,
			);
			buildRules = (
			);
			dependencies = (
				3A7336731EABBD8F0008D591 /* PBXTargetDependency */,
			);
			name = "FetchKit tvOS Tests";
			productName = "FetchKit tvOS Tests";
			productReference = 3A73366C1EABBD8F0008D591 /* FetchKit tvOS Tests.xctest */;
			productType = "com.apple.product-type.bundle.unit-test";
		};
		3A7336961EABC4790008D591 /* FetchKit macOS */ = {
			isa = PBXNativeTarget;
			buildConfigurationList = 3A73369C1EABC4790008D591 /* Build configuration list for PBXNativeTarget "FetchKit macOS" */;
			buildPhases = (
				3A7336B81EABCA480008D591 /* SwiftLint */,
				3A7336921EABC4790008D591 /* Sources */,
				3A7336931EABC4790008D591 /* Frameworks */,
				3A7336941EABC4790008D591 /* Headers */,
				3A7336951EABC4790008D591 /* Resources */,
			);
			buildRules = (
			);
			dependencies = (
			);
			name = "FetchKit macOS";
			productName = "FetchKit macOS";
			productReference = 3A7336971EABC4790008D591 /* FetchKit.framework */;
			productType = "com.apple.product-type.framework";
		};
		3A7336A31EABC4BC0008D591 /* FetchKit macOS Tests */ = {
			isa = PBXNativeTarget;
			buildConfigurationList = 3A7336AC1EABC4BC0008D591 /* Build configuration list for PBXNativeTarget "FetchKit macOS Tests" */;
			buildPhases = (
				3A7336B91EABCA570008D591 /* SwiftLint */,
				3A7336A01EABC4BC0008D591 /* Sources */,
				3A7336A11EABC4BC0008D591 /* Frameworks */,
				3A7336A21EABC4BC0008D591 /* Resources */,
			);
			buildRules = (
			);
			dependencies = (
				3A7336AB1EABC4BC0008D591 /* PBXTargetDependency */,
			);
			name = "FetchKit macOS Tests";
			productName = "FetchKit macOS Tests";
			productReference = 3A7336A41EABC4BC0008D591 /* FetchKit macOS Tests.xctest */;
			productType = "com.apple.product-type.bundle.unit-test";
		};
/* End PBXNativeTarget section */

/* Begin PBXProject section */
		3A73360E1EABB6B60008D591 /* Project object */ = {
			isa = PBXProject;
			attributes = {
				LastSwiftUpdateCheck = 0830;
				LastUpgradeCheck = 0830;
				TargetAttributes = {
					3A7336181EABB70B0008D591 = {
						CreatedOnToolsVersion = 8.3.2;
						DevelopmentTeam = 3U5D4HFU5U;
						LastSwiftMigration = 0830;
						ProvisioningStyle = Automatic;
					};
					3A7336261EABB7250008D591 = {
						CreatedOnToolsVersion = 8.3.2;
						DevelopmentTeam = 3U5D4HFU5U;
						LastSwiftMigration = 0830;
						ProvisioningStyle = Automatic;
					};
					3A7336331EABB7350008D591 = {
						CreatedOnToolsVersion = 8.3.2;
						DevelopmentTeam = 3U5D4HFU5U;
						LastSwiftMigration = 0830;
						ProvisioningStyle = Automatic;
					};
					3A73365C1EABBD6E0008D591 = {
						CreatedOnToolsVersion = 8.3.2;
						DevelopmentTeam = 3U5D4HFU5U;
						LastSwiftMigration = 0830;
						ProvisioningStyle = Automatic;
					};
					3A73366B1EABBD8F0008D591 = {
						CreatedOnToolsVersion = 8.3.2;
						DevelopmentTeam = 3U5D4HFU5U;
						LastSwiftMigration = 0830;
						ProvisioningStyle = Automatic;
					};
					3A7336961EABC4790008D591 = {
						CreatedOnToolsVersion = 8.3.2;
						DevelopmentTeam = 3U5D4HFU5U;
						LastSwiftMigration = 0830;
						ProvisioningStyle = Automatic;
					};
					3A7336A31EABC4BC0008D591 = {
						CreatedOnToolsVersion = 8.3.2;
						DevelopmentTeam = 3U5D4HFU5U;
						LastSwiftMigration = 0830;
						ProvisioningStyle = Automatic;
					};
				};
			};
			buildConfigurationList = 3A7336111EABB6B60008D591 /* Build configuration list for PBXProject "FetchKit" */;
			compatibilityVersion = "Xcode 3.2";
			developmentRegion = English;
			hasScannedForEncodings = 0;
			knownRegions = (
				en,
			);
			mainGroup = 3A73360D1EABB6B60008D591;
			productRefGroup = 3A73361A1EABB70B0008D591 /* Products */;
			projectDirPath = "";
			projectRoot = "";
			targets = (
				3A7336181EABB70B0008D591 /* FetchKit iOS */,
				3A73365C1EABBD6E0008D591 /* FetchKit iOS Tests */,
				3A7336261EABB7250008D591 /* FetchKit watchOS */,
				3A7336331EABB7350008D591 /* FetchKit tvOS */,
				3A73366B1EABBD8F0008D591 /* FetchKit tvOS Tests */,
				3A7336961EABC4790008D591 /* FetchKit macOS */,
				3A7336A31EABC4BC0008D591 /* FetchKit macOS Tests */,
			);
		};
/* End PBXProject section */

/* Begin PBXResourcesBuildPhase section */
		3A7336171EABB70B0008D591 /* Resources */ = {
			isa = PBXResourcesBuildPhase;
			buildActionMask = 2147483647;
			files = (
			);
			runOnlyForDeploymentPostprocessing = 0;
		};
		3A7336251EABB7250008D591 /* Resources */ = {
			isa = PBXResourcesBuildPhase;
			buildActionMask = 2147483647;
			files = (
			);
			runOnlyForDeploymentPostprocessing = 0;
		};
		3A7336321EABB7350008D591 /* Resources */ = {
			isa = PBXResourcesBuildPhase;
			buildActionMask = 2147483647;
			files = (
			);
			runOnlyForDeploymentPostprocessing = 0;
		};
		3A73365B1EABBD6E0008D591 /* Resources */ = {
			isa = PBXResourcesBuildPhase;
			buildActionMask = 2147483647;
			files = (
			);
			runOnlyForDeploymentPostprocessing = 0;
		};
		3A73366A1EABBD8F0008D591 /* Resources */ = {
			isa = PBXResourcesBuildPhase;
			buildActionMask = 2147483647;
			files = (
			);
			runOnlyForDeploymentPostprocessing = 0;
		};
		3A7336951EABC4790008D591 /* Resources */ = {
			isa = PBXResourcesBuildPhase;
			buildActionMask = 2147483647;
			files = (
			);
			runOnlyForDeploymentPostprocessing = 0;
		};
		3A7336A21EABC4BC0008D591 /* Resources */ = {
			isa = PBXResourcesBuildPhase;
			buildActionMask = 2147483647;
			files = (
			);
			runOnlyForDeploymentPostprocessing = 0;
		};
/* End PBXResourcesBuildPhase section */

/* Begin PBXShellScriptBuildPhase section */
		3A7336B21EABC9940008D591 /* SwiftLint */ = {
			isa = PBXShellScriptBuildPhase;
			buildActionMask = 2147483647;
			files = (
			);
			inputPaths = (
			);
			name = SwiftLint;
			outputPaths = (
			);
			runOnlyForDeploymentPostprocessing = 0;
			shellPath = /bin/sh;
			shellScript = "if which swiftlint >/dev/null; then\n    swiftlint\nelse\n    echo \"warning: SwiftLint not installed, download from https://github.com/realm/SwiftLint\"\nfi";
		};
		3A7336B41EABC9C20008D591 /* SwiftLint */ = {
			isa = PBXShellScriptBuildPhase;
			buildActionMask = 2147483647;
			files = (
			);
			inputPaths = (
			);
			name = SwiftLint;
			outputPaths = (
			);
			runOnlyForDeploymentPostprocessing = 0;
			shellPath = /bin/sh;
			shellScript = "if which swiftlint >/dev/null; then\n    swiftlint\nelse\n    echo \"warning: SwiftLint not installed, download from https://github.com/realm/SwiftLint\"\nfi";
		};
		3A7336B51EABC9FF0008D591 /* SwiftLint */ = {
			isa = PBXShellScriptBuildPhase;
			buildActionMask = 2147483647;
			files = (
			);
			inputPaths = (
			);
			name = SwiftLint;
			outputPaths = (
			);
			runOnlyForDeploymentPostprocessing = 0;
			shellPath = /bin/sh;
			shellScript = "if which swiftlint >/dev/null; then\n    swiftlint\nelse\n    echo \"warning: SwiftLint not installed, download from https://github.com/realm/SwiftLint\"\nfi";
		};
		3A7336B61EABCA100008D591 /* SwiftLint */ = {
			isa = PBXShellScriptBuildPhase;
			buildActionMask = 2147483647;
			files = (
			);
			inputPaths = (
			);
			name = SwiftLint;
			outputPaths = (
			);
			runOnlyForDeploymentPostprocessing = 0;
			shellPath = /bin/sh;
			shellScript = "if which swiftlint >/dev/null; then\n    swiftlint\nelse\n    echo \"warning: SwiftLint not installed, download from https://github.com/realm/SwiftLint\"\nfi";
		};
		3A7336B71EABCA200008D591 /* SwiftLint */ = {
			isa = PBXShellScriptBuildPhase;
			buildActionMask = 2147483647;
			files = (
			);
			inputPaths = (
			);
			name = SwiftLint;
			outputPaths = (
			);
			runOnlyForDeploymentPostprocessing = 0;
			shellPath = /bin/sh;
			shellScript = "if which swiftlint >/dev/null; then\n    swiftlint\nelse\n    echo \"warning: SwiftLint not installed, download from https://github.com/realm/SwiftLint\"\nfi";
		};
		3A7336B81EABCA480008D591 /* SwiftLint */ = {
			isa = PBXShellScriptBuildPhase;
			buildActionMask = 2147483647;
			files = (
			);
			inputPaths = (
			);
			name = SwiftLint;
			outputPaths = (
			);
			runOnlyForDeploymentPostprocessing = 0;
			shellPath = /bin/sh;
			shellScript = "if which swiftlint >/dev/null; then\n    swiftlint\nelse\n    echo \"warning: SwiftLint not installed, download from https://github.com/realm/SwiftLint\"\nfi";
		};
		3A7336B91EABCA570008D591 /* SwiftLint */ = {
			isa = PBXShellScriptBuildPhase;
			buildActionMask = 2147483647;
			files = (
			);
			inputPaths = (
			);
			name = SwiftLint;
			outputPaths = (
			);
			runOnlyForDeploymentPostprocessing = 0;
			shellPath = /bin/sh;
			shellScript = "if which swiftlint >/dev/null; then\n    swiftlint\nelse\n    echo \"warning: SwiftLint not installed, download from https://github.com/realm/SwiftLint\"\nfi";
		};
/* End PBXShellScriptBuildPhase section */

/* Begin PBXSourcesBuildPhase section */
		3A7336141EABB70B0008D591 /* Sources */ = {
			isa = PBXSourcesBuildPhase;
			buildActionMask = 2147483647;
			files = (
				3A7336D51EABF9390008D591 /* FindRange.swift in Sources */,
				3A7336DF1EABFA020008D591 /* Aggregate.swift in Sources */,
				3A7336C51EABD8E90008D591 /* NSManagedObject+Extension.swift in Sources */,
				3A7336C01EABD7F90008D591 /* NSEntityDescription+Extension.swift in Sources */,
				3A7336D01EABF9110008D591 /* FindAll.swift in Sources */,
				3A7336DA1EABF9AD0008D591 /* Count.swift in Sources */,
				3A7336BB1EABCB250008D591 /* FetchRequest.swift in Sources */,
				3A7336E91EADEE0E0008D591 /* FetchResults.swift in Sources */,
				3A7336CB1EABF8B80008D591 /* FindFirst.swift in Sources */,
				3A7336E41EACD6730008D591 /* DeleteAll.swift in Sources */,
			);
			runOnlyForDeploymentPostprocessing = 0;
		};
		3A7336221EABB7250008D591 /* Sources */ = {
			isa = PBXSourcesBuildPhase;
			buildActionMask = 2147483647;
			files = (
				3A7336D61EABF9390008D591 /* FindRange.swift in Sources */,
				3A7336E01EABFA020008D591 /* Aggregate.swift in Sources */,
				3A7336C61EABD8E90008D591 /* NSManagedObject+Extension.swift in Sources */,
				3A7336C11EABD7F90008D591 /* NSEntityDescription+Extension.swift in Sources */,
				3A7336D11EABF9110008D591 /* FindAll.swift in Sources */,
				3A7336DB1EABF9AD0008D591 /* Count.swift in Sources */,
				3A7336BC1EABCB250008D591 /* FetchRequest.swift in Sources */,
				3A7336EA1EADEE0E0008D591 /* FetchResults.swift in Sources */,
				3A7336CC1EABF8B80008D591 /* FindFirst.swift in Sources */,
				3A7336E51EACD6730008D591 /* DeleteAll.swift in Sources */,
			);
			runOnlyForDeploymentPostprocessing = 0;
		};
		3A73362F1EABB7350008D591 /* Sources */ = {
			isa = PBXSourcesBuildPhase;
			buildActionMask = 2147483647;
			files = (
				3A7336D71EABF9390008D591 /* FindRange.swift in Sources */,
				3A7336E11EABFA020008D591 /* Aggregate.swift in Sources */,
				3A7336C71EABD8E90008D591 /* NSManagedObject+Extension.swift in Sources */,
				3A7336C21EABD7F90008D591 /* NSEntityDescription+Extension.swift in Sources */,
				3A7336D21EABF9110008D591 /* FindAll.swift in Sources */,
				3A7336DC1EABF9AD0008D591 /* Count.swift in Sources */,
				3A7336BD1EABCB250008D591 /* FetchRequest.swift in Sources */,
				3A7336EB1EADEE0E0008D591 /* FetchResults.swift in Sources */,
				3A7336CD1EABF8B80008D591 /* FindFirst.swift in Sources */,
				3A7336E61EACD6730008D591 /* DeleteAll.swift in Sources */,
			);
			runOnlyForDeploymentPostprocessing = 0;
		};
		3A7336591EABBD6E0008D591 /* Sources */ = {
			isa = PBXSourcesBuildPhase;
			buildActionMask = 2147483647;
			files = (
			);
			runOnlyForDeploymentPostprocessing = 0;
		};
		3A7336681EABBD8F0008D591 /* Sources */ = {
			isa = PBXSourcesBuildPhase;
			buildActionMask = 2147483647;
			files = (
			);
			runOnlyForDeploymentPostprocessing = 0;
		};
		3A7336921EABC4790008D591 /* Sources */ = {
			isa = PBXSourcesBuildPhase;
			buildActionMask = 2147483647;
			files = (
				3A7336D81EABF9390008D591 /* FindRange.swift in Sources */,
				3A7336E21EABFA020008D591 /* Aggregate.swift in Sources */,
				3A7336C81EABD8E90008D591 /* NSManagedObject+Extension.swift in Sources */,
				3A7336C31EABD7F90008D591 /* NSEntityDescription+Extension.swift in Sources */,
				3A7336D31EABF9110008D591 /* FindAll.swift in Sources */,
				3A7336DD1EABF9AD0008D591 /* Count.swift in Sources */,
				3A7336BE1EABCB250008D591 /* FetchRequest.swift in Sources */,
				3A7336EC1EADEE0E0008D591 /* FetchResults.swift in Sources */,
				3A7336CE1EABF8B80008D591 /* FindFirst.swift in Sources */,
				3A7336E71EACD6730008D591 /* DeleteAll.swift in Sources */,
			);
			runOnlyForDeploymentPostprocessing = 0;
		};
		3A7336A01EABC4BC0008D591 /* Sources */ = {
			isa = PBXSourcesBuildPhase;
			buildActionMask = 2147483647;
			files = (
			);
			runOnlyForDeploymentPostprocessing = 0;
		};
/* End PBXSourcesBuildPhase section */

/* Begin PBXTargetDependency section */
		3A7336641EABBD6E0008D591 /* PBXTargetDependency */ = {
			isa = PBXTargetDependency;
			target = 3A7336181EABB70B0008D591 /* FetchKit iOS */;
			targetProxy = 3A7336631EABBD6E0008D591 /* PBXContainerItemProxy */;
		};
		3A7336731EABBD8F0008D591 /* PBXTargetDependency */ = {
			isa = PBXTargetDependency;
			target = 3A7336331EABB7350008D591 /* FetchKit tvOS */;
			targetProxy = 3A7336721EABBD8F0008D591 /* PBXContainerItemProxy */;
		};
		3A7336AB1EABC4BC0008D591 /* PBXTargetDependency */ = {
			isa = PBXTargetDependency;
			target = 3A7336961EABC4790008D591 /* FetchKit macOS */;
			targetProxy = 3A7336AA1EABC4BC0008D591 /* PBXContainerItemProxy */;
		};
/* End PBXTargetDependency section */

/* Begin XCBuildConfiguration section */
		3A7336121EABB6B60008D591 /* Debug */ = {
			isa = XCBuildConfiguration;
			buildSettings = {
			};
			name = Debug;
		};
		3A7336131EABB6B60008D591 /* Release */ = {
			isa = XCBuildConfiguration;
			buildSettings = {
			};
			name = Release;
		};
		3A7336201EABB70B0008D591 /* Debug */ = {
			isa = XCBuildConfiguration;
			buildSettings = {
				ALWAYS_SEARCH_USER_PATHS = NO;
				APPLICATION_EXTENSION_API_ONLY = YES;
				CLANG_ANALYZER_NONNULL = YES;
				CLANG_ANALYZER_NUMBER_OBJECT_CONVERSION = YES_AGGRESSIVE;
				CLANG_CXX_LANGUAGE_STANDARD = "gnu++0x";
				CLANG_CXX_LIBRARY = "libc++";
				CLANG_ENABLE_MODULES = YES;
				CLANG_ENABLE_OBJC_ARC = YES;
				CLANG_WARN_BOOL_CONVERSION = YES;
				CLANG_WARN_CONSTANT_CONVERSION = YES;
				CLANG_WARN_DIRECT_OBJC_ISA_USAGE = YES_ERROR;
				CLANG_WARN_DOCUMENTATION_COMMENTS = YES;
				CLANG_WARN_EMPTY_BODY = YES;
				CLANG_WARN_ENUM_CONVERSION = YES;
				CLANG_WARN_INFINITE_RECURSION = YES;
				CLANG_WARN_INT_CONVERSION = YES;
				CLANG_WARN_OBJC_ROOT_CLASS = YES_ERROR;
				CLANG_WARN_SUSPICIOUS_MOVE = YES;
				CLANG_WARN_UNREACHABLE_CODE = YES;
				CLANG_WARN__DUPLICATE_METHOD_MATCH = YES;
				CODE_SIGN_IDENTITY = "";
				"CODE_SIGN_IDENTITY[sdk=iphoneos*]" = "iPhone Developer";
				COPY_PHASE_STRIP = NO;
				CURRENT_PROJECT_VERSION = 1;
				DEBUG_INFORMATION_FORMAT = dwarf;
				DEFINES_MODULE = YES;
				DEVELOPMENT_TEAM = 3U5D4HFU5U;
				DYLIB_COMPATIBILITY_VERSION = 1;
				DYLIB_CURRENT_VERSION = 1;
				DYLIB_INSTALL_NAME_BASE = "@rpath";
				ENABLE_STRICT_OBJC_MSGSEND = YES;
				ENABLE_TESTABILITY = YES;
				GCC_C_LANGUAGE_STANDARD = gnu99;
				GCC_DYNAMIC_NO_PIC = NO;
				GCC_NO_COMMON_BLOCKS = YES;
				GCC_OPTIMIZATION_LEVEL = 0;
				GCC_PREPROCESSOR_DEFINITIONS = (
					"DEBUG=1",
					"$(inherited)",
				);
				GCC_WARN_64_TO_32_BIT_CONVERSION = YES;
				GCC_WARN_ABOUT_RETURN_TYPE = YES_ERROR;
				GCC_WARN_UNDECLARED_SELECTOR = YES;
				GCC_WARN_UNINITIALIZED_AUTOS = YES_AGGRESSIVE;
				GCC_WARN_UNUSED_FUNCTION = YES;
				GCC_WARN_UNUSED_VARIABLE = YES;
				INFOPLIST_FILE = "Sources/Supporting Files/Info.plist";
				INSTALL_PATH = "$(LOCAL_LIBRARY_DIR)/Frameworks";
				IPHONEOS_DEPLOYMENT_TARGET = 9.1;
				LD_RUNPATH_SEARCH_PATHS = "$(inherited) @executable_path/Frameworks @loader_path/Frameworks";
				MTL_ENABLE_DEBUG_INFO = YES;
				ONLY_ACTIVE_ARCH = YES;
				PRODUCT_BUNDLE_IDENTIFIER = "com.agarunov.FetchKit-iOS";
				PRODUCT_NAME = FetchKit;
				SDKROOT = iphoneos;
				SKIP_INSTALL = YES;
				SWIFT_ACTIVE_COMPILATION_CONDITIONS = DEBUG;
				SWIFT_OPTIMIZATION_LEVEL = "-Onone";
				SWIFT_VERSION = 3.0;
				TARGETED_DEVICE_FAMILY = "1,2";
				VERSIONING_SYSTEM = "apple-generic";
				VERSION_INFO_PREFIX = "";
			};
			name = Debug;
		};
		3A7336211EABB70B0008D591 /* Release */ = {
			isa = XCBuildConfiguration;
			buildSettings = {
				ALWAYS_SEARCH_USER_PATHS = NO;
				APPLICATION_EXTENSION_API_ONLY = YES;
				CLANG_ANALYZER_NONNULL = YES;
				CLANG_ANALYZER_NUMBER_OBJECT_CONVERSION = YES_AGGRESSIVE;
				CLANG_CXX_LANGUAGE_STANDARD = "gnu++0x";
				CLANG_CXX_LIBRARY = "libc++";
				CLANG_ENABLE_MODULES = YES;
				CLANG_ENABLE_OBJC_ARC = YES;
				CLANG_WARN_BOOL_CONVERSION = YES;
				CLANG_WARN_CONSTANT_CONVERSION = YES;
				CLANG_WARN_DIRECT_OBJC_ISA_USAGE = YES_ERROR;
				CLANG_WARN_DOCUMENTATION_COMMENTS = YES;
				CLANG_WARN_EMPTY_BODY = YES;
				CLANG_WARN_ENUM_CONVERSION = YES;
				CLANG_WARN_INFINITE_RECURSION = YES;
				CLANG_WARN_INT_CONVERSION = YES;
				CLANG_WARN_OBJC_ROOT_CLASS = YES_ERROR;
				CLANG_WARN_SUSPICIOUS_MOVE = YES;
				CLANG_WARN_UNREACHABLE_CODE = YES;
				CLANG_WARN__DUPLICATE_METHOD_MATCH = YES;
				CODE_SIGN_IDENTITY = "";
				"CODE_SIGN_IDENTITY[sdk=iphoneos*]" = "iPhone Developer";
				COPY_PHASE_STRIP = NO;
				CURRENT_PROJECT_VERSION = 1;
				DEBUG_INFORMATION_FORMAT = "dwarf-with-dsym";
				DEFINES_MODULE = YES;
				DEVELOPMENT_TEAM = 3U5D4HFU5U;
				DYLIB_COMPATIBILITY_VERSION = 1;
				DYLIB_CURRENT_VERSION = 1;
				DYLIB_INSTALL_NAME_BASE = "@rpath";
				ENABLE_NS_ASSERTIONS = NO;
				ENABLE_STRICT_OBJC_MSGSEND = YES;
				GCC_C_LANGUAGE_STANDARD = gnu99;
				GCC_NO_COMMON_BLOCKS = YES;
				GCC_WARN_64_TO_32_BIT_CONVERSION = YES;
				GCC_WARN_ABOUT_RETURN_TYPE = YES_ERROR;
				GCC_WARN_UNDECLARED_SELECTOR = YES;
				GCC_WARN_UNINITIALIZED_AUTOS = YES_AGGRESSIVE;
				GCC_WARN_UNUSED_FUNCTION = YES;
				GCC_WARN_UNUSED_VARIABLE = YES;
				INFOPLIST_FILE = "Sources/Supporting Files/Info.plist";
				INSTALL_PATH = "$(LOCAL_LIBRARY_DIR)/Frameworks";
				IPHONEOS_DEPLOYMENT_TARGET = 9.1;
				LD_RUNPATH_SEARCH_PATHS = "$(inherited) @executable_path/Frameworks @loader_path/Frameworks";
				MTL_ENABLE_DEBUG_INFO = NO;
				PRODUCT_BUNDLE_IDENTIFIER = "com.agarunov.FetchKit-iOS";
				PRODUCT_NAME = FetchKit;
				SDKROOT = iphoneos;
				SKIP_INSTALL = YES;
				SWIFT_OPTIMIZATION_LEVEL = "-Owholemodule";
				SWIFT_VERSION = 3.0;
				TARGETED_DEVICE_FAMILY = "1,2";
				VALIDATE_PRODUCT = YES;
				VERSIONING_SYSTEM = "apple-generic";
				VERSION_INFO_PREFIX = "";
			};
			name = Release;
		};
		3A73362D1EABB7250008D591 /* Debug */ = {
			isa = XCBuildConfiguration;
			buildSettings = {
				ALWAYS_SEARCH_USER_PATHS = NO;
				APPLICATION_EXTENSION_API_ONLY = YES;
				CLANG_ANALYZER_NONNULL = YES;
				CLANG_ANALYZER_NUMBER_OBJECT_CONVERSION = YES_AGGRESSIVE;
				CLANG_CXX_LANGUAGE_STANDARD = "gnu++0x";
				CLANG_CXX_LIBRARY = "libc++";
				CLANG_ENABLE_MODULES = YES;
				CLANG_ENABLE_OBJC_ARC = YES;
				CLANG_WARN_BOOL_CONVERSION = YES;
				CLANG_WARN_CONSTANT_CONVERSION = YES;
				CLANG_WARN_DIRECT_OBJC_ISA_USAGE = YES_ERROR;
				CLANG_WARN_DOCUMENTATION_COMMENTS = YES;
				CLANG_WARN_EMPTY_BODY = YES;
				CLANG_WARN_ENUM_CONVERSION = YES;
				CLANG_WARN_INFINITE_RECURSION = YES;
				CLANG_WARN_INT_CONVERSION = YES;
				CLANG_WARN_OBJC_ROOT_CLASS = YES_ERROR;
				CLANG_WARN_SUSPICIOUS_MOVE = YES;
				CLANG_WARN_UNREACHABLE_CODE = YES;
				CLANG_WARN__DUPLICATE_METHOD_MATCH = YES;
				CODE_SIGN_IDENTITY = "";
				"CODE_SIGN_IDENTITY[sdk=watchos*]" = "iPhone Developer";
				COPY_PHASE_STRIP = NO;
				CURRENT_PROJECT_VERSION = 1;
				DEBUG_INFORMATION_FORMAT = dwarf;
				DEFINES_MODULE = YES;
				DEVELOPMENT_TEAM = 3U5D4HFU5U;
				DYLIB_COMPATIBILITY_VERSION = 1;
				DYLIB_CURRENT_VERSION = 1;
				DYLIB_INSTALL_NAME_BASE = "@rpath";
				ENABLE_STRICT_OBJC_MSGSEND = YES;
				ENABLE_TESTABILITY = YES;
				GCC_C_LANGUAGE_STANDARD = gnu99;
				GCC_DYNAMIC_NO_PIC = NO;
				GCC_NO_COMMON_BLOCKS = YES;
				GCC_OPTIMIZATION_LEVEL = 0;
				GCC_PREPROCESSOR_DEFINITIONS = (
					"DEBUG=1",
					"$(inherited)",
				);
				GCC_WARN_64_TO_32_BIT_CONVERSION = YES;
				GCC_WARN_ABOUT_RETURN_TYPE = YES_ERROR;
				GCC_WARN_UNDECLARED_SELECTOR = YES;
				GCC_WARN_UNINITIALIZED_AUTOS = YES_AGGRESSIVE;
				GCC_WARN_UNUSED_FUNCTION = YES;
				GCC_WARN_UNUSED_VARIABLE = YES;
				INFOPLIST_FILE = "Sources/Supporting Files/Info.plist";
				INSTALL_PATH = "$(LOCAL_LIBRARY_DIR)/Frameworks";
				LD_RUNPATH_SEARCH_PATHS = "$(inherited) @executable_path/Frameworks @loader_path/Frameworks";
				MTL_ENABLE_DEBUG_INFO = YES;
				ONLY_ACTIVE_ARCH = YES;
				PRODUCT_BUNDLE_IDENTIFIER = "com.agarunov.FetchKit-watchOS";
				PRODUCT_NAME = FetchKit;
				PROVISIONING_PROFILE_SPECIFIER = "";
				SDKROOT = watchos;
				SKIP_INSTALL = YES;
				SWIFT_ACTIVE_COMPILATION_CONDITIONS = DEBUG;
				SWIFT_OPTIMIZATION_LEVEL = "-Onone";
				SWIFT_VERSION = 3.0;
				TARGETED_DEVICE_FAMILY = 4;
				VERSIONING_SYSTEM = "apple-generic";
				VERSION_INFO_PREFIX = "";
				WATCHOS_DEPLOYMENT_TARGET = 2.0;
			};
			name = Debug;
		};
		3A73362E1EABB7250008D591 /* Release */ = {
			isa = XCBuildConfiguration;
			buildSettings = {
				ALWAYS_SEARCH_USER_PATHS = NO;
				APPLICATION_EXTENSION_API_ONLY = YES;
				CLANG_ANALYZER_NONNULL = YES;
				CLANG_ANALYZER_NUMBER_OBJECT_CONVERSION = YES_AGGRESSIVE;
				CLANG_CXX_LANGUAGE_STANDARD = "gnu++0x";
				CLANG_CXX_LIBRARY = "libc++";
				CLANG_ENABLE_MODULES = YES;
				CLANG_ENABLE_OBJC_ARC = YES;
				CLANG_WARN_BOOL_CONVERSION = YES;
				CLANG_WARN_CONSTANT_CONVERSION = YES;
				CLANG_WARN_DIRECT_OBJC_ISA_USAGE = YES_ERROR;
				CLANG_WARN_DOCUMENTATION_COMMENTS = YES;
				CLANG_WARN_EMPTY_BODY = YES;
				CLANG_WARN_ENUM_CONVERSION = YES;
				CLANG_WARN_INFINITE_RECURSION = YES;
				CLANG_WARN_INT_CONVERSION = YES;
				CLANG_WARN_OBJC_ROOT_CLASS = YES_ERROR;
				CLANG_WARN_SUSPICIOUS_MOVE = YES;
				CLANG_WARN_UNREACHABLE_CODE = YES;
				CLANG_WARN__DUPLICATE_METHOD_MATCH = YES;
				CODE_SIGN_IDENTITY = "";
				"CODE_SIGN_IDENTITY[sdk=watchos*]" = "iPhone Developer";
				COPY_PHASE_STRIP = NO;
				CURRENT_PROJECT_VERSION = 1;
				DEBUG_INFORMATION_FORMAT = "dwarf-with-dsym";
				DEFINES_MODULE = YES;
				DEVELOPMENT_TEAM = 3U5D4HFU5U;
				DYLIB_COMPATIBILITY_VERSION = 1;
				DYLIB_CURRENT_VERSION = 1;
				DYLIB_INSTALL_NAME_BASE = "@rpath";
				ENABLE_NS_ASSERTIONS = NO;
				ENABLE_STRICT_OBJC_MSGSEND = YES;
				GCC_C_LANGUAGE_STANDARD = gnu99;
				GCC_NO_COMMON_BLOCKS = YES;
				GCC_WARN_64_TO_32_BIT_CONVERSION = YES;
				GCC_WARN_ABOUT_RETURN_TYPE = YES_ERROR;
				GCC_WARN_UNDECLARED_SELECTOR = YES;
				GCC_WARN_UNINITIALIZED_AUTOS = YES_AGGRESSIVE;
				GCC_WARN_UNUSED_FUNCTION = YES;
				GCC_WARN_UNUSED_VARIABLE = YES;
				INFOPLIST_FILE = "Sources/Supporting Files/Info.plist";
				INSTALL_PATH = "$(LOCAL_LIBRARY_DIR)/Frameworks";
				LD_RUNPATH_SEARCH_PATHS = "$(inherited) @executable_path/Frameworks @loader_path/Frameworks";
				MTL_ENABLE_DEBUG_INFO = NO;
				PRODUCT_BUNDLE_IDENTIFIER = "com.agarunov.FetchKit-watchOS";
				PRODUCT_NAME = FetchKit;
				PROVISIONING_PROFILE_SPECIFIER = "";
				SDKROOT = watchos;
				SKIP_INSTALL = YES;
				SWIFT_OPTIMIZATION_LEVEL = "-Owholemodule";
				SWIFT_VERSION = 3.0;
				TARGETED_DEVICE_FAMILY = 4;
				VALIDATE_PRODUCT = YES;
				VERSIONING_SYSTEM = "apple-generic";
				VERSION_INFO_PREFIX = "";
				WATCHOS_DEPLOYMENT_TARGET = 2.0;
			};
			name = Release;
		};
		3A73363A1EABB7350008D591 /* Debug */ = {
			isa = XCBuildConfiguration;
			buildSettings = {
				ALWAYS_SEARCH_USER_PATHS = NO;
				APPLICATION_EXTENSION_API_ONLY = YES;
				CLANG_ANALYZER_NONNULL = YES;
				CLANG_ANALYZER_NUMBER_OBJECT_CONVERSION = YES_AGGRESSIVE;
				CLANG_CXX_LANGUAGE_STANDARD = "gnu++0x";
				CLANG_CXX_LIBRARY = "libc++";
				CLANG_ENABLE_MODULES = YES;
				CLANG_ENABLE_OBJC_ARC = YES;
				CLANG_WARN_BOOL_CONVERSION = YES;
				CLANG_WARN_CONSTANT_CONVERSION = YES;
				CLANG_WARN_DIRECT_OBJC_ISA_USAGE = YES_ERROR;
				CLANG_WARN_DOCUMENTATION_COMMENTS = YES;
				CLANG_WARN_EMPTY_BODY = YES;
				CLANG_WARN_ENUM_CONVERSION = YES;
				CLANG_WARN_INFINITE_RECURSION = YES;
				CLANG_WARN_INT_CONVERSION = YES;
				CLANG_WARN_OBJC_ROOT_CLASS = YES_ERROR;
				CLANG_WARN_SUSPICIOUS_MOVE = YES;
				CLANG_WARN_UNREACHABLE_CODE = YES;
				CLANG_WARN__DUPLICATE_METHOD_MATCH = YES;
				CODE_SIGN_IDENTITY = "";
				"CODE_SIGN_IDENTITY[sdk=appletvos*]" = "iPhone Developer";
				COPY_PHASE_STRIP = NO;
				CURRENT_PROJECT_VERSION = 1;
				DEBUG_INFORMATION_FORMAT = dwarf;
				DEFINES_MODULE = YES;
				DEVELOPMENT_TEAM = 3U5D4HFU5U;
				DYLIB_COMPATIBILITY_VERSION = 1;
				DYLIB_CURRENT_VERSION = 1;
				DYLIB_INSTALL_NAME_BASE = "@rpath";
				ENABLE_STRICT_OBJC_MSGSEND = YES;
				ENABLE_TESTABILITY = YES;
				GCC_C_LANGUAGE_STANDARD = gnu99;
				GCC_DYNAMIC_NO_PIC = NO;
				GCC_NO_COMMON_BLOCKS = YES;
				GCC_OPTIMIZATION_LEVEL = 0;
				GCC_PREPROCESSOR_DEFINITIONS = (
					"DEBUG=1",
					"$(inherited)",
				);
				GCC_WARN_64_TO_32_BIT_CONVERSION = YES;
				GCC_WARN_ABOUT_RETURN_TYPE = YES_ERROR;
				GCC_WARN_UNDECLARED_SELECTOR = YES;
				GCC_WARN_UNINITIALIZED_AUTOS = YES_AGGRESSIVE;
				GCC_WARN_UNUSED_FUNCTION = YES;
				GCC_WARN_UNUSED_VARIABLE = YES;
				INFOPLIST_FILE = "Sources/Supporting Files/Info.plist";
				INSTALL_PATH = "$(LOCAL_LIBRARY_DIR)/Frameworks";
				LD_RUNPATH_SEARCH_PATHS = "$(inherited) @executable_path/Frameworks @loader_path/Frameworks";
				MTL_ENABLE_DEBUG_INFO = YES;
				ONLY_ACTIVE_ARCH = YES;
				PRODUCT_BUNDLE_IDENTIFIER = "com.agarunov.FetchKit-tvOS";
				PRODUCT_NAME = FetchKit;
				SDKROOT = appletvos;
				SKIP_INSTALL = YES;
				SWIFT_ACTIVE_COMPILATION_CONDITIONS = DEBUG;
				SWIFT_OPTIMIZATION_LEVEL = "-Onone";
				SWIFT_VERSION = 3.0;
				TARGETED_DEVICE_FAMILY = 3;
				TVOS_DEPLOYMENT_TARGET = 9.0;
				VERSIONING_SYSTEM = "apple-generic";
				VERSION_INFO_PREFIX = "";
			};
			name = Debug;
		};
		3A73363B1EABB7350008D591 /* Release */ = {
			isa = XCBuildConfiguration;
			buildSettings = {
				ALWAYS_SEARCH_USER_PATHS = NO;
				APPLICATION_EXTENSION_API_ONLY = YES;
				CLANG_ANALYZER_NONNULL = YES;
				CLANG_ANALYZER_NUMBER_OBJECT_CONVERSION = YES_AGGRESSIVE;
				CLANG_CXX_LANGUAGE_STANDARD = "gnu++0x";
				CLANG_CXX_LIBRARY = "libc++";
				CLANG_ENABLE_MODULES = YES;
				CLANG_ENABLE_OBJC_ARC = YES;
				CLANG_WARN_BOOL_CONVERSION = YES;
				CLANG_WARN_CONSTANT_CONVERSION = YES;
				CLANG_WARN_DIRECT_OBJC_ISA_USAGE = YES_ERROR;
				CLANG_WARN_DOCUMENTATION_COMMENTS = YES;
				CLANG_WARN_EMPTY_BODY = YES;
				CLANG_WARN_ENUM_CONVERSION = YES;
				CLANG_WARN_INFINITE_RECURSION = YES;
				CLANG_WARN_INT_CONVERSION = YES;
				CLANG_WARN_OBJC_ROOT_CLASS = YES_ERROR;
				CLANG_WARN_SUSPICIOUS_MOVE = YES;
				CLANG_WARN_UNREACHABLE_CODE = YES;
				CLANG_WARN__DUPLICATE_METHOD_MATCH = YES;
				CODE_SIGN_IDENTITY = "";
				COPY_PHASE_STRIP = NO;
				CURRENT_PROJECT_VERSION = 1;
				DEBUG_INFORMATION_FORMAT = "dwarf-with-dsym";
				DEFINES_MODULE = YES;
				DEVELOPMENT_TEAM = 3U5D4HFU5U;
				DYLIB_COMPATIBILITY_VERSION = 1;
				DYLIB_CURRENT_VERSION = 1;
				DYLIB_INSTALL_NAME_BASE = "@rpath";
				ENABLE_NS_ASSERTIONS = NO;
				ENABLE_STRICT_OBJC_MSGSEND = YES;
				GCC_C_LANGUAGE_STANDARD = gnu99;
				GCC_NO_COMMON_BLOCKS = YES;
				GCC_WARN_64_TO_32_BIT_CONVERSION = YES;
				GCC_WARN_ABOUT_RETURN_TYPE = YES_ERROR;
				GCC_WARN_UNDECLARED_SELECTOR = YES;
				GCC_WARN_UNINITIALIZED_AUTOS = YES_AGGRESSIVE;
				GCC_WARN_UNUSED_FUNCTION = YES;
				GCC_WARN_UNUSED_VARIABLE = YES;
				INFOPLIST_FILE = "Sources/Supporting Files/Info.plist";
				INSTALL_PATH = "$(LOCAL_LIBRARY_DIR)/Frameworks";
				LD_RUNPATH_SEARCH_PATHS = "$(inherited) @executable_path/Frameworks @loader_path/Frameworks";
				MTL_ENABLE_DEBUG_INFO = NO;
				PRODUCT_BUNDLE_IDENTIFIER = "com.agarunov.FetchKit-tvOS";
				PRODUCT_NAME = FetchKit;
				SDKROOT = appletvos;
				SKIP_INSTALL = YES;
				SWIFT_OPTIMIZATION_LEVEL = "-Owholemodule";
				SWIFT_VERSION = 3.0;
				TARGETED_DEVICE_FAMILY = 3;
				TVOS_DEPLOYMENT_TARGET = 9.0;
				VALIDATE_PRODUCT = YES;
				VERSIONING_SYSTEM = "apple-generic";
				VERSION_INFO_PREFIX = "";
			};
			name = Release;
		};
		3A7336661EABBD6E0008D591 /* Debug */ = {
			isa = XCBuildConfiguration;
			buildSettings = {
				ALWAYS_EMBED_SWIFT_STANDARD_LIBRARIES = YES;
				ALWAYS_SEARCH_USER_PATHS = NO;
				CLANG_ANALYZER_NONNULL = YES;
				CLANG_ANALYZER_NUMBER_OBJECT_CONVERSION = YES_AGGRESSIVE;
				CLANG_CXX_LANGUAGE_STANDARD = "gnu++0x";
				CLANG_CXX_LIBRARY = "libc++";
				CLANG_ENABLE_MODULES = YES;
				CLANG_ENABLE_OBJC_ARC = YES;
				CLANG_WARN_BOOL_CONVERSION = YES;
				CLANG_WARN_CONSTANT_CONVERSION = YES;
				CLANG_WARN_DIRECT_OBJC_ISA_USAGE = YES_ERROR;
				CLANG_WARN_DOCUMENTATION_COMMENTS = YES;
				CLANG_WARN_EMPTY_BODY = YES;
				CLANG_WARN_ENUM_CONVERSION = YES;
				CLANG_WARN_INFINITE_RECURSION = YES;
				CLANG_WARN_INT_CONVERSION = YES;
				CLANG_WARN_OBJC_ROOT_CLASS = YES_ERROR;
				CLANG_WARN_SUSPICIOUS_MOVE = YES;
				CLANG_WARN_UNREACHABLE_CODE = YES;
				CLANG_WARN__DUPLICATE_METHOD_MATCH = YES;
				"CODE_SIGN_IDENTITY[sdk=iphoneos*]" = "iPhone Developer";
				COPY_PHASE_STRIP = NO;
				DEBUG_INFORMATION_FORMAT = dwarf;
				DEVELOPMENT_TEAM = 3U5D4HFU5U;
				ENABLE_STRICT_OBJC_MSGSEND = YES;
				ENABLE_TESTABILITY = YES;
				GCC_C_LANGUAGE_STANDARD = gnu99;
				GCC_DYNAMIC_NO_PIC = NO;
				GCC_NO_COMMON_BLOCKS = YES;
				GCC_OPTIMIZATION_LEVEL = 0;
				GCC_PREPROCESSOR_DEFINITIONS = (
					"DEBUG=1",
					"$(inherited)",
				);
				GCC_WARN_64_TO_32_BIT_CONVERSION = YES;
				GCC_WARN_ABOUT_RETURN_TYPE = YES_ERROR;
				GCC_WARN_UNDECLARED_SELECTOR = YES;
				GCC_WARN_UNINITIALIZED_AUTOS = YES_AGGRESSIVE;
				GCC_WARN_UNUSED_FUNCTION = YES;
				GCC_WARN_UNUSED_VARIABLE = YES;
				INFOPLIST_FILE = Tests/Info.plist;
				IPHONEOS_DEPLOYMENT_TARGET = 10.3;
				LD_RUNPATH_SEARCH_PATHS = "$(inherited) @executable_path/Frameworks @loader_path/Frameworks";
				MTL_ENABLE_DEBUG_INFO = YES;
				ONLY_ACTIVE_ARCH = YES;
				PRODUCT_BUNDLE_IDENTIFIER = "com.agarunov.FetchKit-iOS-Tests";
				PRODUCT_NAME = "$(TARGET_NAME)";
				SDKROOT = iphoneos;
				SWIFT_ACTIVE_COMPILATION_CONDITIONS = DEBUG;
				SWIFT_OPTIMIZATION_LEVEL = "-Onone";
				SWIFT_VERSION = 3.0;
			};
			name = Debug;
		};
		3A7336671EABBD6E0008D591 /* Release */ = {
			isa = XCBuildConfiguration;
			buildSettings = {
				ALWAYS_EMBED_SWIFT_STANDARD_LIBRARIES = YES;
				ALWAYS_SEARCH_USER_PATHS = NO;
				CLANG_ANALYZER_NONNULL = YES;
				CLANG_ANALYZER_NUMBER_OBJECT_CONVERSION = YES_AGGRESSIVE;
				CLANG_CXX_LANGUAGE_STANDARD = "gnu++0x";
				CLANG_CXX_LIBRARY = "libc++";
				CLANG_ENABLE_MODULES = YES;
				CLANG_ENABLE_OBJC_ARC = YES;
				CLANG_WARN_BOOL_CONVERSION = YES;
				CLANG_WARN_CONSTANT_CONVERSION = YES;
				CLANG_WARN_DIRECT_OBJC_ISA_USAGE = YES_ERROR;
				CLANG_WARN_DOCUMENTATION_COMMENTS = YES;
				CLANG_WARN_EMPTY_BODY = YES;
				CLANG_WARN_ENUM_CONVERSION = YES;
				CLANG_WARN_INFINITE_RECURSION = YES;
				CLANG_WARN_INT_CONVERSION = YES;
				CLANG_WARN_OBJC_ROOT_CLASS = YES_ERROR;
				CLANG_WARN_SUSPICIOUS_MOVE = YES;
				CLANG_WARN_UNREACHABLE_CODE = YES;
				CLANG_WARN__DUPLICATE_METHOD_MATCH = YES;
				"CODE_SIGN_IDENTITY[sdk=iphoneos*]" = "iPhone Developer";
				COPY_PHASE_STRIP = NO;
				DEBUG_INFORMATION_FORMAT = "dwarf-with-dsym";
				DEVELOPMENT_TEAM = 3U5D4HFU5U;
				ENABLE_NS_ASSERTIONS = NO;
				ENABLE_STRICT_OBJC_MSGSEND = YES;
				GCC_C_LANGUAGE_STANDARD = gnu99;
				GCC_NO_COMMON_BLOCKS = YES;
				GCC_WARN_64_TO_32_BIT_CONVERSION = YES;
				GCC_WARN_ABOUT_RETURN_TYPE = YES_ERROR;
				GCC_WARN_UNDECLARED_SELECTOR = YES;
				GCC_WARN_UNINITIALIZED_AUTOS = YES_AGGRESSIVE;
				GCC_WARN_UNUSED_FUNCTION = YES;
				GCC_WARN_UNUSED_VARIABLE = YES;
				INFOPLIST_FILE = Tests/Info.plist;
				IPHONEOS_DEPLOYMENT_TARGET = 10.3;
				LD_RUNPATH_SEARCH_PATHS = "$(inherited) @executable_path/Frameworks @loader_path/Frameworks";
				MTL_ENABLE_DEBUG_INFO = NO;
				PRODUCT_BUNDLE_IDENTIFIER = "com.agarunov.FetchKit-iOS-Tests";
				PRODUCT_NAME = "$(TARGET_NAME)";
				SDKROOT = iphoneos;
				SWIFT_OPTIMIZATION_LEVEL = "-Owholemodule";
				SWIFT_VERSION = 3.0;
				VALIDATE_PRODUCT = YES;
			};
			name = Release;
		};
		3A7336751EABBD8F0008D591 /* Debug */ = {
			isa = XCBuildConfiguration;
			buildSettings = {
				ALWAYS_EMBED_SWIFT_STANDARD_LIBRARIES = YES;
				ALWAYS_SEARCH_USER_PATHS = NO;
				CLANG_ANALYZER_NONNULL = YES;
				CLANG_ANALYZER_NUMBER_OBJECT_CONVERSION = YES_AGGRESSIVE;
				CLANG_CXX_LANGUAGE_STANDARD = "gnu++0x";
				CLANG_CXX_LIBRARY = "libc++";
				CLANG_ENABLE_MODULES = YES;
				CLANG_ENABLE_OBJC_ARC = YES;
				CLANG_WARN_BOOL_CONVERSION = YES;
				CLANG_WARN_CONSTANT_CONVERSION = YES;
				CLANG_WARN_DIRECT_OBJC_ISA_USAGE = YES_ERROR;
				CLANG_WARN_DOCUMENTATION_COMMENTS = YES;
				CLANG_WARN_EMPTY_BODY = YES;
				CLANG_WARN_ENUM_CONVERSION = YES;
				CLANG_WARN_INFINITE_RECURSION = YES;
				CLANG_WARN_INT_CONVERSION = YES;
				CLANG_WARN_OBJC_ROOT_CLASS = YES_ERROR;
				CLANG_WARN_SUSPICIOUS_MOVE = YES;
				CLANG_WARN_UNREACHABLE_CODE = YES;
				CLANG_WARN__DUPLICATE_METHOD_MATCH = YES;
				COPY_PHASE_STRIP = NO;
				DEBUG_INFORMATION_FORMAT = dwarf;
				DEVELOPMENT_TEAM = 3U5D4HFU5U;
				ENABLE_STRICT_OBJC_MSGSEND = YES;
				ENABLE_TESTABILITY = YES;
				GCC_C_LANGUAGE_STANDARD = gnu99;
				GCC_DYNAMIC_NO_PIC = NO;
				GCC_NO_COMMON_BLOCKS = YES;
				GCC_OPTIMIZATION_LEVEL = 0;
				GCC_PREPROCESSOR_DEFINITIONS = (
					"DEBUG=1",
					"$(inherited)",
				);
				GCC_WARN_64_TO_32_BIT_CONVERSION = YES;
				GCC_WARN_ABOUT_RETURN_TYPE = YES_ERROR;
				GCC_WARN_UNDECLARED_SELECTOR = YES;
				GCC_WARN_UNINITIALIZED_AUTOS = YES_AGGRESSIVE;
				GCC_WARN_UNUSED_FUNCTION = YES;
				GCC_WARN_UNUSED_VARIABLE = YES;
				INFOPLIST_FILE = Tests/Info.plist;
				LD_RUNPATH_SEARCH_PATHS = "$(inherited) @executable_path/Frameworks @loader_path/Frameworks";
				MTL_ENABLE_DEBUG_INFO = YES;
				ONLY_ACTIVE_ARCH = YES;
				PRODUCT_BUNDLE_IDENTIFIER = "com.agarunov.FetchKit-tvOS-Tests";
				PRODUCT_NAME = "$(TARGET_NAME)";
				SDKROOT = appletvos;
				SWIFT_ACTIVE_COMPILATION_CONDITIONS = DEBUG;
				SWIFT_OPTIMIZATION_LEVEL = "-Onone";
				SWIFT_VERSION = 3.0;
				TVOS_DEPLOYMENT_TARGET = 10.2;
			};
			name = Debug;
		};
		3A7336761EABBD8F0008D591 /* Release */ = {
			isa = XCBuildConfiguration;
			buildSettings = {
				ALWAYS_EMBED_SWIFT_STANDARD_LIBRARIES = YES;
				ALWAYS_SEARCH_USER_PATHS = NO;
				CLANG_ANALYZER_NONNULL = YES;
				CLANG_ANALYZER_NUMBER_OBJECT_CONVERSION = YES_AGGRESSIVE;
				CLANG_CXX_LANGUAGE_STANDARD = "gnu++0x";
				CLANG_CXX_LIBRARY = "libc++";
				CLANG_ENABLE_MODULES = YES;
				CLANG_ENABLE_OBJC_ARC = YES;
				CLANG_WARN_BOOL_CONVERSION = YES;
				CLANG_WARN_CONSTANT_CONVERSION = YES;
				CLANG_WARN_DIRECT_OBJC_ISA_USAGE = YES_ERROR;
				CLANG_WARN_DOCUMENTATION_COMMENTS = YES;
				CLANG_WARN_EMPTY_BODY = YES;
				CLANG_WARN_ENUM_CONVERSION = YES;
				CLANG_WARN_INFINITE_RECURSION = YES;
				CLANG_WARN_INT_CONVERSION = YES;
				CLANG_WARN_OBJC_ROOT_CLASS = YES_ERROR;
				CLANG_WARN_SUSPICIOUS_MOVE = YES;
				CLANG_WARN_UNREACHABLE_CODE = YES;
				CLANG_WARN__DUPLICATE_METHOD_MATCH = YES;
				COPY_PHASE_STRIP = NO;
				DEBUG_INFORMATION_FORMAT = "dwarf-with-dsym";
				DEVELOPMENT_TEAM = 3U5D4HFU5U;
				ENABLE_NS_ASSERTIONS = NO;
				ENABLE_STRICT_OBJC_MSGSEND = YES;
				GCC_C_LANGUAGE_STANDARD = gnu99;
				GCC_NO_COMMON_BLOCKS = YES;
				GCC_WARN_64_TO_32_BIT_CONVERSION = YES;
				GCC_WARN_ABOUT_RETURN_TYPE = YES_ERROR;
				GCC_WARN_UNDECLARED_SELECTOR = YES;
				GCC_WARN_UNINITIALIZED_AUTOS = YES_AGGRESSIVE;
				GCC_WARN_UNUSED_FUNCTION = YES;
				GCC_WARN_UNUSED_VARIABLE = YES;
				INFOPLIST_FILE = Tests/Info.plist;
				LD_RUNPATH_SEARCH_PATHS = "$(inherited) @executable_path/Frameworks @loader_path/Frameworks";
				MTL_ENABLE_DEBUG_INFO = NO;
				PRODUCT_BUNDLE_IDENTIFIER = "com.agarunov.FetchKit-tvOS-Tests";
				PRODUCT_NAME = "$(TARGET_NAME)";
				SDKROOT = appletvos;
				SWIFT_OPTIMIZATION_LEVEL = "-Owholemodule";
				SWIFT_VERSION = 3.0;
				TVOS_DEPLOYMENT_TARGET = 10.2;
				VALIDATE_PRODUCT = YES;
			};
			name = Release;
		};
		3A73369D1EABC4790008D591 /* Debug */ = {
			isa = XCBuildConfiguration;
			buildSettings = {
				ALWAYS_SEARCH_USER_PATHS = NO;
				CLANG_ANALYZER_NONNULL = YES;
				CLANG_ANALYZER_NUMBER_OBJECT_CONVERSION = YES_AGGRESSIVE;
				CLANG_CXX_LANGUAGE_STANDARD = "gnu++0x";
				CLANG_CXX_LIBRARY = "libc++";
				CLANG_ENABLE_MODULES = YES;
				CLANG_ENABLE_OBJC_ARC = YES;
				CLANG_WARN_BOOL_CONVERSION = YES;
				CLANG_WARN_CONSTANT_CONVERSION = YES;
				CLANG_WARN_DIRECT_OBJC_ISA_USAGE = YES_ERROR;
				CLANG_WARN_DOCUMENTATION_COMMENTS = YES;
				CLANG_WARN_EMPTY_BODY = YES;
				CLANG_WARN_ENUM_CONVERSION = YES;
				CLANG_WARN_INFINITE_RECURSION = YES;
				CLANG_WARN_INT_CONVERSION = YES;
				CLANG_WARN_OBJC_ROOT_CLASS = YES_ERROR;
				CLANG_WARN_SUSPICIOUS_MOVE = YES;
				CLANG_WARN_UNREACHABLE_CODE = YES;
				CLANG_WARN__DUPLICATE_METHOD_MATCH = YES;
				CODE_SIGN_IDENTITY = "-";
				COMBINE_HIDPI_IMAGES = YES;
				COPY_PHASE_STRIP = NO;
				CURRENT_PROJECT_VERSION = 1;
				DEBUG_INFORMATION_FORMAT = dwarf;
				DEFINES_MODULE = YES;
				DEVELOPMENT_TEAM = 3U5D4HFU5U;
				DYLIB_COMPATIBILITY_VERSION = 1;
				DYLIB_CURRENT_VERSION = 1;
				DYLIB_INSTALL_NAME_BASE = "@rpath";
				ENABLE_STRICT_OBJC_MSGSEND = YES;
				ENABLE_TESTABILITY = YES;
				FRAMEWORK_VERSION = A;
				GCC_C_LANGUAGE_STANDARD = gnu99;
				GCC_DYNAMIC_NO_PIC = NO;
				GCC_NO_COMMON_BLOCKS = YES;
				GCC_OPTIMIZATION_LEVEL = 0;
				GCC_PREPROCESSOR_DEFINITIONS = (
					"DEBUG=1",
					"$(inherited)",
				);
				GCC_WARN_64_TO_32_BIT_CONVERSION = YES;
				GCC_WARN_ABOUT_RETURN_TYPE = YES_ERROR;
				GCC_WARN_UNDECLARED_SELECTOR = YES;
				GCC_WARN_UNINITIALIZED_AUTOS = YES_AGGRESSIVE;
				GCC_WARN_UNUSED_FUNCTION = YES;
				GCC_WARN_UNUSED_VARIABLE = YES;
				INFOPLIST_FILE = "Sources/Supporting Files/Info.plist";
				INSTALL_PATH = "$(LOCAL_LIBRARY_DIR)/Frameworks";
				LD_RUNPATH_SEARCH_PATHS = "$(inherited) @executable_path/../Frameworks @loader_path/Frameworks";
				MACOSX_DEPLOYMENT_TARGET = 10.9;
				MTL_ENABLE_DEBUG_INFO = YES;
				ONLY_ACTIVE_ARCH = YES;
				PRODUCT_BUNDLE_IDENTIFIER = "com.agarunov.FetchKit-macOS";
				PRODUCT_NAME = FetchKit;
				SDKROOT = macosx;
				SKIP_INSTALL = YES;
				SWIFT_ACTIVE_COMPILATION_CONDITIONS = DEBUG;
				SWIFT_OPTIMIZATION_LEVEL = "-Onone";
				SWIFT_VERSION = 3.0;
				VERSIONING_SYSTEM = "apple-generic";
				VERSION_INFO_PREFIX = "";
			};
			name = Debug;
		};
		3A73369E1EABC4790008D591 /* Release */ = {
			isa = XCBuildConfiguration;
			buildSettings = {
				ALWAYS_SEARCH_USER_PATHS = NO;
				CLANG_ANALYZER_NONNULL = YES;
				CLANG_ANALYZER_NUMBER_OBJECT_CONVERSION = YES_AGGRESSIVE;
				CLANG_CXX_LANGUAGE_STANDARD = "gnu++0x";
				CLANG_CXX_LIBRARY = "libc++";
				CLANG_ENABLE_MODULES = YES;
				CLANG_ENABLE_OBJC_ARC = YES;
				CLANG_WARN_BOOL_CONVERSION = YES;
				CLANG_WARN_CONSTANT_CONVERSION = YES;
				CLANG_WARN_DIRECT_OBJC_ISA_USAGE = YES_ERROR;
				CLANG_WARN_DOCUMENTATION_COMMENTS = YES;
				CLANG_WARN_EMPTY_BODY = YES;
				CLANG_WARN_ENUM_CONVERSION = YES;
				CLANG_WARN_INFINITE_RECURSION = YES;
				CLANG_WARN_INT_CONVERSION = YES;
				CLANG_WARN_OBJC_ROOT_CLASS = YES_ERROR;
				CLANG_WARN_SUSPICIOUS_MOVE = YES;
				CLANG_WARN_UNREACHABLE_CODE = YES;
				CLANG_WARN__DUPLICATE_METHOD_MATCH = YES;
				CODE_SIGN_IDENTITY = "-";
				COMBINE_HIDPI_IMAGES = YES;
				COPY_PHASE_STRIP = NO;
				CURRENT_PROJECT_VERSION = 1;
				DEBUG_INFORMATION_FORMAT = "dwarf-with-dsym";
				DEFINES_MODULE = YES;
				DEVELOPMENT_TEAM = 3U5D4HFU5U;
				DYLIB_COMPATIBILITY_VERSION = 1;
				DYLIB_CURRENT_VERSION = 1;
				DYLIB_INSTALL_NAME_BASE = "@rpath";
				ENABLE_NS_ASSERTIONS = NO;
				ENABLE_STRICT_OBJC_MSGSEND = YES;
				FRAMEWORK_VERSION = A;
				GCC_C_LANGUAGE_STANDARD = gnu99;
				GCC_NO_COMMON_BLOCKS = YES;
				GCC_WARN_64_TO_32_BIT_CONVERSION = YES;
				GCC_WARN_ABOUT_RETURN_TYPE = YES_ERROR;
				GCC_WARN_UNDECLARED_SELECTOR = YES;
				GCC_WARN_UNINITIALIZED_AUTOS = YES_AGGRESSIVE;
				GCC_WARN_UNUSED_FUNCTION = YES;
				GCC_WARN_UNUSED_VARIABLE = YES;
				INFOPLIST_FILE = "Sources/Supporting Files/Info.plist";
				INSTALL_PATH = "$(LOCAL_LIBRARY_DIR)/Frameworks";
				LD_RUNPATH_SEARCH_PATHS = "$(inherited) @executable_path/../Frameworks @loader_path/Frameworks";
				MACOSX_DEPLOYMENT_TARGET = 10.9;
				MTL_ENABLE_DEBUG_INFO = NO;
				PRODUCT_BUNDLE_IDENTIFIER = "com.agarunov.FetchKit-macOS";
				PRODUCT_NAME = FetchKit;
				SDKROOT = macosx;
				SKIP_INSTALL = YES;
				SWIFT_OPTIMIZATION_LEVEL = "-Owholemodule";
				SWIFT_VERSION = 3.0;
				VERSIONING_SYSTEM = "apple-generic";
				VERSION_INFO_PREFIX = "";
			};
			name = Release;
		};
		3A7336AD1EABC4BC0008D591 /* Debug */ = {
			isa = XCBuildConfiguration;
			buildSettings = {
				ALWAYS_EMBED_SWIFT_STANDARD_LIBRARIES = YES;
				ALWAYS_SEARCH_USER_PATHS = NO;
				CLANG_ANALYZER_NONNULL = YES;
				CLANG_ANALYZER_NUMBER_OBJECT_CONVERSION = YES_AGGRESSIVE;
				CLANG_CXX_LANGUAGE_STANDARD = "gnu++0x";
				CLANG_CXX_LIBRARY = "libc++";
				CLANG_ENABLE_MODULES = YES;
				CLANG_ENABLE_OBJC_ARC = YES;
				CLANG_WARN_BOOL_CONVERSION = YES;
				CLANG_WARN_CONSTANT_CONVERSION = YES;
				CLANG_WARN_DIRECT_OBJC_ISA_USAGE = YES_ERROR;
				CLANG_WARN_DOCUMENTATION_COMMENTS = YES;
				CLANG_WARN_EMPTY_BODY = YES;
				CLANG_WARN_ENUM_CONVERSION = YES;
				CLANG_WARN_INFINITE_RECURSION = YES;
				CLANG_WARN_INT_CONVERSION = YES;
				CLANG_WARN_OBJC_ROOT_CLASS = YES_ERROR;
				CLANG_WARN_SUSPICIOUS_MOVE = YES;
				CLANG_WARN_UNREACHABLE_CODE = YES;
				CLANG_WARN__DUPLICATE_METHOD_MATCH = YES;
				CODE_SIGN_IDENTITY = "-";
				COMBINE_HIDPI_IMAGES = YES;
				COPY_PHASE_STRIP = NO;
				DEBUG_INFORMATION_FORMAT = dwarf;
				DEVELOPMENT_TEAM = 3U5D4HFU5U;
				ENABLE_STRICT_OBJC_MSGSEND = YES;
				ENABLE_TESTABILITY = YES;
				GCC_C_LANGUAGE_STANDARD = gnu99;
				GCC_DYNAMIC_NO_PIC = NO;
				GCC_NO_COMMON_BLOCKS = YES;
				GCC_OPTIMIZATION_LEVEL = 0;
				GCC_PREPROCESSOR_DEFINITIONS = (
					"DEBUG=1",
					"$(inherited)",
				);
				GCC_WARN_64_TO_32_BIT_CONVERSION = YES;
				GCC_WARN_ABOUT_RETURN_TYPE = YES_ERROR;
				GCC_WARN_UNDECLARED_SELECTOR = YES;
				GCC_WARN_UNINITIALIZED_AUTOS = YES_AGGRESSIVE;
				GCC_WARN_UNUSED_FUNCTION = YES;
				GCC_WARN_UNUSED_VARIABLE = YES;
				INFOPLIST_FILE = Tests/Info.plist;
				LD_RUNPATH_SEARCH_PATHS = "$(inherited) @executable_path/../Frameworks @loader_path/../Frameworks";
				MACOSX_DEPLOYMENT_TARGET = 10.12;
				MTL_ENABLE_DEBUG_INFO = YES;
				ONLY_ACTIVE_ARCH = YES;
				PRODUCT_BUNDLE_IDENTIFIER = "com.agarunov.FetchKit-macOS-Tests";
				PRODUCT_NAME = "$(TARGET_NAME)";
				SDKROOT = macosx;
				SWIFT_ACTIVE_COMPILATION_CONDITIONS = DEBUG;
				SWIFT_OPTIMIZATION_LEVEL = "-Onone";
				SWIFT_VERSION = 3.0;
			};
			name = Debug;
		};
		3A7336AE1EABC4BC0008D591 /* Release */ = {
			isa = XCBuildConfiguration;
			buildSettings = {
				ALWAYS_EMBED_SWIFT_STANDARD_LIBRARIES = YES;
				ALWAYS_SEARCH_USER_PATHS = NO;
				CLANG_ANALYZER_NONNULL = YES;
				CLANG_ANALYZER_NUMBER_OBJECT_CONVERSION = YES_AGGRESSIVE;
				CLANG_CXX_LANGUAGE_STANDARD = "gnu++0x";
				CLANG_CXX_LIBRARY = "libc++";
				CLANG_ENABLE_MODULES = YES;
				CLANG_ENABLE_OBJC_ARC = YES;
				CLANG_WARN_BOOL_CONVERSION = YES;
				CLANG_WARN_CONSTANT_CONVERSION = YES;
				CLANG_WARN_DIRECT_OBJC_ISA_USAGE = YES_ERROR;
				CLANG_WARN_DOCUMENTATION_COMMENTS = YES;
				CLANG_WARN_EMPTY_BODY = YES;
				CLANG_WARN_ENUM_CONVERSION = YES;
				CLANG_WARN_INFINITE_RECURSION = YES;
				CLANG_WARN_INT_CONVERSION = YES;
				CLANG_WARN_OBJC_ROOT_CLASS = YES_ERROR;
				CLANG_WARN_SUSPICIOUS_MOVE = YES;
				CLANG_WARN_UNREACHABLE_CODE = YES;
				CLANG_WARN__DUPLICATE_METHOD_MATCH = YES;
				CODE_SIGN_IDENTITY = "-";
				COMBINE_HIDPI_IMAGES = YES;
				COPY_PHASE_STRIP = NO;
				DEBUG_INFORMATION_FORMAT = "dwarf-with-dsym";
				DEVELOPMENT_TEAM = 3U5D4HFU5U;
				ENABLE_NS_ASSERTIONS = NO;
				ENABLE_STRICT_OBJC_MSGSEND = YES;
				GCC_C_LANGUAGE_STANDARD = gnu99;
				GCC_NO_COMMON_BLOCKS = YES;
				GCC_WARN_64_TO_32_BIT_CONVERSION = YES;
				GCC_WARN_ABOUT_RETURN_TYPE = YES_ERROR;
				GCC_WARN_UNDECLARED_SELECTOR = YES;
				GCC_WARN_UNINITIALIZED_AUTOS = YES_AGGRESSIVE;
				GCC_WARN_UNUSED_FUNCTION = YES;
				GCC_WARN_UNUSED_VARIABLE = YES;
				INFOPLIST_FILE = Tests/Info.plist;
				LD_RUNPATH_SEARCH_PATHS = "$(inherited) @executable_path/../Frameworks @loader_path/../Frameworks";
				MACOSX_DEPLOYMENT_TARGET = 10.12;
				MTL_ENABLE_DEBUG_INFO = NO;
				PRODUCT_BUNDLE_IDENTIFIER = "com.agarunov.FetchKit-macOS-Tests";
				PRODUCT_NAME = "$(TARGET_NAME)";
				SDKROOT = macosx;
				SWIFT_OPTIMIZATION_LEVEL = "-Owholemodule";
				SWIFT_VERSION = 3.0;
			};
			name = Release;
		};
/* End XCBuildConfiguration section */

/* Begin XCConfigurationList section */
		3A7336111EABB6B60008D591 /* Build configuration list for PBXProject "FetchKit" */ = {
			isa = XCConfigurationList;
			buildConfigurations = (
				3A7336121EABB6B60008D591 /* Debug */,
				3A7336131EABB6B60008D591 /* Release */,
			);
			defaultConfigurationIsVisible = 0;
			defaultConfigurationName = Release;
		};
		3A73361F1EABB70B0008D591 /* Build configuration list for PBXNativeTarget "FetchKit iOS" */ = {
			isa = XCConfigurationList;
			buildConfigurations = (
				3A7336201EABB70B0008D591 /* Debug */,
				3A7336211EABB70B0008D591 /* Release */,
			);
			defaultConfigurationIsVisible = 0;
			defaultConfigurationName = Release;
		};
		3A73362C1EABB7250008D591 /* Build configuration list for PBXNativeTarget "FetchKit watchOS" */ = {
			isa = XCConfigurationList;
			buildConfigurations = (
				3A73362D1EABB7250008D591 /* Debug */,
				3A73362E1EABB7250008D591 /* Release */,
			);
			defaultConfigurationIsVisible = 0;
			defaultConfigurationName = Release;
		};
		3A7336391EABB7350008D591 /* Build configuration list for PBXNativeTarget "FetchKit tvOS" */ = {
			isa = XCConfigurationList;
			buildConfigurations = (
				3A73363A1EABB7350008D591 /* Debug */,
				3A73363B1EABB7350008D591 /* Release */,
			);
			defaultConfigurationIsVisible = 0;
			defaultConfigurationName = Release;
		};
		3A7336651EABBD6E0008D591 /* Build configuration list for PBXNativeTarget "FetchKit iOS Tests" */ = {
			isa = XCConfigurationList;
			buildConfigurations = (
				3A7336661EABBD6E0008D591 /* Debug */,
				3A7336671EABBD6E0008D591 /* Release */,
			);
			defaultConfigurationIsVisible = 0;
			defaultConfigurationName = Release;
		};
		3A7336741EABBD8F0008D591 /* Build configuration list for PBXNativeTarget "FetchKit tvOS Tests" */ = {
			isa = XCConfigurationList;
			buildConfigurations = (
				3A7336751EABBD8F0008D591 /* Debug */,
				3A7336761EABBD8F0008D591 /* Release */,
			);
			defaultConfigurationIsVisible = 0;
			defaultConfigurationName = Release;
		};
		3A73369C1EABC4790008D591 /* Build configuration list for PBXNativeTarget "FetchKit macOS" */ = {
			isa = XCConfigurationList;
			buildConfigurations = (
				3A73369D1EABC4790008D591 /* Debug */,
				3A73369E1EABC4790008D591 /* Release */,
			);
			defaultConfigurationIsVisible = 0;
		};
		3A7336AC1EABC4BC0008D591 /* Build configuration list for PBXNativeTarget "FetchKit macOS Tests" */ = {
			isa = XCConfigurationList;
			buildConfigurations = (
				3A7336AD1EABC4BC0008D591 /* Debug */,
				3A7336AE1EABC4BC0008D591 /* Release */,
			);
			defaultConfigurationIsVisible = 0;
		};
/* End XCConfigurationList section */
	};
	rootObject = 3A73360E1EABB6B60008D591 /* Project object */;
}
